{
	"name": "auto-commit-cli",
	"version": "0.1.3",
	"lockfileVersion": 3,
	"requires": true,
	"packages": {
		"": {
			"name": "auto-commit-cli",
			"version": "0.1.3",
			"license": "MIT",
			"dependencies": {
				"@anthropic-ai/sdk": "^0.57.0"
			},
			"bin": {
				"auto-commit": "main.js"
			}
		},
		"node_modules/@anthropic-ai/sdk": {
			"version": "0.57.0",
			"resolved": "https://registry.npmjs.org/@anthropic-ai/sdk/-/sdk-0.57.0.tgz",
			"integrity": "sha512-z5LMy0MWu0+w2hflUgj4RlJr1R+0BxKXL7ldXTO8FasU8fu599STghO+QKwId2dAD0d464aHtU+ChWuRHw4FNw==",
			"bin": {
				"anthropic-ai-sdk": "bin/cli"
			}
		}
	}
}
